// !$*UTF8*$!
{
	archiveVersion = 1;
	classes = {
	};
	objectVersion = 51;
	objects = {

/* Begin PBXBuildFile section */
		A73DEB3522D6181200996DC2 /* AppDelegate.swift in Sources */ = {isa = PBXBuildFile; fileRef = A73DEB3422D6181200996DC2 /* AppDelegate.swift */; };
		A73DEB3722D6181200996DC2 /* ViewController.swift in Sources */ = {isa = PBXBuildFile; fileRef = A73DEB3622D6181200996DC2 /* ViewController.swift */; };
		A73DEB3A22D6181200996DC2 /* Main.storyboard in Resources */ = {isa = PBXBuildFile; fileRef = A73DEB3822D6181200996DC2 /* Main.storyboard */; };
		A73DEB3D22D6181200996DC2 /* ARApp.xcdatamodeld in Sources */ = {isa = PBXBuildFile; fileRef = A73DEB3B22D6181200996DC2 /* ARApp.xcdatamodeld */; };
		A73DEB3F22D6181300996DC2 /* Assets.xcassets in Resources */ = {isa = PBXBuildFile; fileRef = A73DEB3E22D6181300996DC2 /* Assets.xcassets */; };
		A73DEB4222D6181300996DC2 /* LaunchScreen.storyboard in Resources */ = {isa = PBXBuildFile; fileRef = A73DEB4022D6181300996DC2 /* LaunchScreen.storyboard */; };
		A73DEB4D22D6181300996DC2 /* ARAppTests.swift in Sources */ = {isa = PBXBuildFile; fileRef = A73DEB4C22D6181300996DC2 /* ARAppTests.swift */; };
		A73DEB5822D6181300996DC2 /* ARAppUITests.swift in Sources */ = {isa = PBXBuildFile; fileRef = A73DEB5722D6181300996DC2 /* ARAppUITests.swift */; };
		E85DAE8922DC8351000A6702 /* Annotation+CoreDataClass.swift in Sources */ = {isa = PBXBuildFile; fileRef = E85DAE8722DC8351000A6702 /* Annotation+CoreDataClass.swift */; };
		E85DAE8A22DC8351000A6702 /* Annotation+CoreDataProperties.swift in Sources */ = {isa = PBXBuildFile; fileRef = E85DAE8822DC8351000A6702 /* Annotation+CoreDataProperties.swift */; };
		E85DAE8C22DC8459000A6702 /* CoreDataController.swift in Sources */ = {isa = PBXBuildFile; fileRef = E85DAE8B22DC8459000A6702 /* CoreDataController.swift */; };
/* End PBXBuildFile section */

/* Begin PBXContainerItemProxy section */
		A73DEB4922D6181300996DC2 /* PBXContainerItemProxy */ = {
			isa = PBXContainerItemProxy;
			containerPortal = A73DEB2922D6181200996DC2 /* Project object */;
			proxyType = 1;
			remoteGlobalIDString = A73DEB3022D6181200996DC2;
			remoteInfo = ARApp;
		};
		A73DEB5422D6181300996DC2 /* PBXContainerItemProxy */ = {
			isa = PBXContainerItemProxy;
			containerPortal = A73DEB2922D6181200996DC2 /* Project object */;
			proxyType = 1;
			remoteGlobalIDString = A73DEB3022D6181200996DC2;
			remoteInfo = ARApp;
		};
/* End PBXContainerItemProxy section */

/* Begin PBXFileReference section */
		A73DEB3122D6181200996DC2 /* ARApp.app */ = {isa = PBXFileReference; explicitFileType = wrapper.application; includeInIndex = 0; path = ARApp.app; sourceTree = BUILT_PRODUCTS_DIR; };
		A73DEB3422D6181200996DC2 /* AppDelegate.swift */ = {isa = PBXFileReference; lastKnownFileType = sourcecode.swift; path = AppDelegate.swift; sourceTree = "<group>"; };
		A73DEB3622D6181200996DC2 /* ViewController.swift */ = {isa = PBXFileReference; lastKnownFileType = sourcecode.swift; path = ViewController.swift; sourceTree = "<group>"; };
		A73DEB3922D6181200996DC2 /* Base */ = {isa = PBXFileReference; lastKnownFileType = file.storyboard; name = Base; path = Base.lproj/Main.storyboard; sourceTree = "<group>"; };
		A73DEB3C22D6181200996DC2 /* ARApp.xcdatamodel */ = {isa = PBXFileReference; lastKnownFileType = wrapper.xcdatamodel; path = ARApp.xcdatamodel; sourceTree = "<group>"; };
		A73DEB3E22D6181300996DC2 /* Assets.xcassets */ = {isa = PBXFileReference; lastKnownFileType = folder.assetcatalog; path = Assets.xcassets; sourceTree = "<group>"; };
		A73DEB4122D6181300996DC2 /* Base */ = {isa = PBXFileReference; lastKnownFileType = file.storyboard; name = Base; path = Base.lproj/LaunchScreen.storyboard; sourceTree = "<group>"; };
		A73DEB4322D6181300996DC2 /* Info.plist */ = {isa = PBXFileReference; lastKnownFileType = text.plist.xml; path = Info.plist; sourceTree = "<group>"; };
		A73DEB4822D6181300996DC2 /* ARAppTests.xctest */ = {isa = PBXFileReference; explicitFileType = wrapper.cfbundle; includeInIndex = 0; path = ARAppTests.xctest; sourceTree = BUILT_PRODUCTS_DIR; };
		A73DEB4C22D6181300996DC2 /* ARAppTests.swift */ = {isa = PBXFileReference; lastKnownFileType = sourcecode.swift; path = ARAppTests.swift; sourceTree = "<group>"; };
		A73DEB4E22D6181300996DC2 /* Info.plist */ = {isa = PBXFileReference; lastKnownFileType = text.plist.xml; path = Info.plist; sourceTree = "<group>"; };
		A73DEB5322D6181300996DC2 /* ARAppUITests.xctest */ = {isa = PBXFileReference; explicitFileType = wrapper.cfbundle; includeInIndex = 0; path = ARAppUITests.xctest; sourceTree = BUILT_PRODUCTS_DIR; };
		A73DEB5722D6181300996DC2 /* ARAppUITests.swift */ = {isa = PBXFileReference; lastKnownFileType = sourcecode.swift; path = ARAppUITests.swift; sourceTree = "<group>"; };
		A73DEB5922D6181300996DC2 /* Info.plist */ = {isa = PBXFileReference; lastKnownFileType = text.plist.xml; path = Info.plist; sourceTree = "<group>"; };
		E85DAE8722DC8351000A6702 /* Annotation+CoreDataClass.swift */ = {isa = PBXFileReference; lastKnownFileType = sourcecode.swift; path = "Annotation+CoreDataClass.swift"; sourceTree = "<group>"; };
		E85DAE8822DC8351000A6702 /* Annotation+CoreDataProperties.swift */ = {isa = PBXFileReference; lastKnownFileType = sourcecode.swift; path = "Annotation+CoreDataProperties.swift"; sourceTree = "<group>"; };
		E85DAE8B22DC8459000A6702 /* CoreDataController.swift */ = {isa = PBXFileReference; lastKnownFileType = sourcecode.swift; path = CoreDataController.swift; sourceTree = "<group>"; };
/* End PBXFileReference section */

/* Begin PBXFrameworksBuildPhase section */
		A73DEB2E22D6181200996DC2 /* Frameworks */ = {
			isa = PBXFrameworksBuildPhase;
			buildActionMask = 2147483647;
			files = (
			);
			runOnlyForDeploymentPostprocessing = 0;
		};
		A73DEB4522D6181300996DC2 /* Frameworks */ = {
			isa = PBXFrameworksBuildPhase;
			buildActionMask = 2147483647;
			files = (
			);
			runOnlyForDeploymentPostprocessing = 0;
		};
		A73DEB5022D6181300996DC2 /* Frameworks */ = {
			isa = PBXFrameworksBuildPhase;
			buildActionMask = 2147483647;
			files = (
			);
			runOnlyForDeploymentPostprocessing = 0;
		};
/* End PBXFrameworksBuildPhase section */

/* Begin PBXGroup section */
		A73DEB2822D6181200996DC2 = {
			isa = PBXGroup;
			children = (
				A73DEB3322D6181200996DC2 /* ARApp */,
				A73DEB4B22D6181300996DC2 /* ARAppTests */,
				A73DEB5622D6181300996DC2 /* ARAppUITests */,
				A73DEB3222D6181200996DC2 /* Products */,
			);
			sourceTree = "<group>";
		};
		A73DEB3222D6181200996DC2 /* Products */ = {
			isa = PBXGroup;
			children = (
				A73DEB3122D6181200996DC2 /* ARApp.app */,
				A73DEB4822D6181300996DC2 /* ARAppTests.xctest */,
				A73DEB5322D6181300996DC2 /* ARAppUITests.xctest */,
			);
			name = Products;
			sourceTree = "<group>";
		};
		A73DEB3322D6181200996DC2 /* ARApp */ = {
			isa = PBXGroup;
			children = (
				E85DAE8722DC8351000A6702 /* Annotation+CoreDataClass.swift */,
				E85DAE8822DC8351000A6702 /* Annotation+CoreDataProperties.swift */,
				A73DEB3422D6181200996DC2 /* AppDelegate.swift */,
				E85DAE8B22DC8459000A6702 /* CoreDataController.swift */,
				A73DEB3622D6181200996DC2 /* ViewController.swift */,
				A73DEB3822D6181200996DC2 /* Main.storyboard */,
				A73DEB3E22D6181300996DC2 /* Assets.xcassets */,
				A73DEB4022D6181300996DC2 /* LaunchScreen.storyboard */,
				A73DEB4322D6181300996DC2 /* Info.plist */,
				A73DEB3B22D6181200996DC2 /* ARApp.xcdatamodeld */,
			);
			path = ARApp;
			sourceTree = "<group>";
		};
		A73DEB4B22D6181300996DC2 /* ARAppTests */ = {
			isa = PBXGroup;
			children = (
				A73DEB4C22D6181300996DC2 /* ARAppTests.swift */,
				A73DEB4E22D6181300996DC2 /* Info.plist */,
			);
			path = ARAppTests;
			sourceTree = "<group>";
		};
		A73DEB5622D6181300996DC2 /* ARAppUITests */ = {
			isa = PBXGroup;
			children = (
				A73DEB5722D6181300996DC2 /* ARAppUITests.swift */,
				A73DEB5922D6181300996DC2 /* Info.plist */,
			);
			path = ARAppUITests;
			sourceTree = "<group>";
		};
/* End PBXGroup section */

/* Begin PBXNativeTarget section */
		A73DEB3022D6181200996DC2 /* ARApp */ = {
			isa = PBXNativeTarget;
			buildConfigurationList = A73DEB5C22D6181300996DC2 /* Build configuration list for PBXNativeTarget "ARApp" */;
			buildPhases = (
				A73DEB2D22D6181200996DC2 /* Sources */,
				A73DEB2E22D6181200996DC2 /* Frameworks */,
				A73DEB2F22D6181200996DC2 /* Resources */,
			);
			buildRules = (
			);
			dependencies = (
			);
			name = ARApp;
			productName = ARApp;
			productReference = A73DEB3122D6181200996DC2 /* ARApp.app */;
			productType = "com.apple.product-type.application";
		};
		A73DEB4722D6181300996DC2 /* ARAppTests */ = {
			isa = PBXNativeTarget;
			buildConfigurationList = A73DEB5F22D6181300996DC2 /* Build configuration list for PBXNativeTarget "ARAppTests" */;
			buildPhases = (
				A73DEB4422D6181300996DC2 /* Sources */,
				A73DEB4522D6181300996DC2 /* Frameworks */,
				A73DEB4622D6181300996DC2 /* Resources */,
			);
			buildRules = (
			);
			dependencies = (
				A73DEB4A22D6181300996DC2 /* PBXTargetDependency */,
			);
			name = ARAppTests;
			productName = ARAppTests;
			productReference = A73DEB4822D6181300996DC2 /* ARAppTests.xctest */;
			productType = "com.apple.product-type.bundle.unit-test";
		};
		A73DEB5222D6181300996DC2 /* ARAppUITests */ = {
			isa = PBXNativeTarget;
			buildConfigurationList = A73DEB6222D6181300996DC2 /* Build configuration list for PBXNativeTarget "ARAppUITests" */;
			buildPhases = (
				A73DEB4F22D6181300996DC2 /* Sources */,
				A73DEB5022D6181300996DC2 /* Frameworks */,
				A73DEB5122D6181300996DC2 /* Resources */,
			);
			buildRules = (
			);
			dependencies = (
				A73DEB5522D6181300996DC2 /* PBXTargetDependency */,
			);
			name = ARAppUITests;
			productName = ARAppUITests;
			productReference = A73DEB5322D6181300996DC2 /* ARAppUITests.xctest */;
			productType = "com.apple.product-type.bundle.ui-testing";
		};
/* End PBXNativeTarget section */

/* Begin PBXProject section */
		A73DEB2922D6181200996DC2 /* Project object */ = {
			isa = PBXProject;
			attributes = {
				LastSwiftUpdateCheck = 1020;
				LastUpgradeCheck = 1020;
				ORGANIZATIONNAME = "Ferdinando Guarino";
				TargetAttributes = {
					A73DEB3022D6181200996DC2 = {
						CreatedOnToolsVersion = 10.2.1;
					};
					A73DEB4722D6181300996DC2 = {
						CreatedOnToolsVersion = 10.2.1;
						TestTargetID = A73DEB3022D6181200996DC2;
					};
					A73DEB5222D6181300996DC2 = {
						CreatedOnToolsVersion = 10.2.1;
						TestTargetID = A73DEB3022D6181200996DC2;
					};
				};
			};
			buildConfigurationList = A73DEB2C22D6181200996DC2 /* Build configuration list for PBXProject "ARApp" */;
			compatibilityVersion = "Xcode 10.0";
			developmentRegion = en;
			hasScannedForEncodings = 0;
			knownRegions = (
				en,
				Base,
			);
			mainGroup = A73DEB2822D6181200996DC2;
			productRefGroup = A73DEB3222D6181200996DC2 /* Products */;
			projectDirPath = "";
			projectRoot = "";
			targets = (
				A73DEB3022D6181200996DC2 /* ARApp */,
				A73DEB4722D6181300996DC2 /* ARAppTests */,
				A73DEB5222D6181300996DC2 /* ARAppUITests */,
			);
		};
/* End PBXProject section */

/* Begin PBXResourcesBuildPhase section */
		A73DEB2F22D6181200996DC2 /* Resources */ = {
			isa = PBXResourcesBuildPhase;
			buildActionMask = 2147483647;
			files = (
				A73DEB4222D6181300996DC2 /* LaunchScreen.storyboard in Resources */,
				A73DEB3F22D6181300996DC2 /* Assets.xcassets in Resources */,
				A73DEB3A22D6181200996DC2 /* Main.storyboard in Resources */,
			);
			runOnlyForDeploymentPostprocessing = 0;
		};
		A73DEB4622D6181300996DC2 /* Resources */ = {
			isa = PBXResourcesBuildPhase;
			buildActionMask = 2147483647;
			files = (
			);
			runOnlyForDeploymentPostprocessing = 0;
		};
		A73DEB5122D6181300996DC2 /* Resources */ = {
			isa = PBXResourcesBuildPhase;
			buildActionMask = 2147483647;
			files = (
			);
			runOnlyForDeploymentPostprocessing = 0;
		};
/* End PBXResourcesBuildPhase section */

/* Begin PBXSourcesBuildPhase section */
		A73DEB2D22D6181200996DC2 /* Sources */ = {
			isa = PBXSourcesBuildPhase;
			buildActionMask = 2147483647;
			files = (
				E85DAE8922DC8351000A6702 /* Annotation+CoreDataClass.swift in Sources */,
				E85DAE8A22DC8351000A6702 /* Annotation+CoreDataProperties.swift in Sources */,
				A73DEB3722D6181200996DC2 /* ViewController.swift in Sources */,
				E85DAE8C22DC8459000A6702 /* CoreDataController.swift in Sources */,
				A73DEB3D22D6181200996DC2 /* ARApp.xcdatamodeld in Sources */,
				A73DEB3522D6181200996DC2 /* AppDelegate.swift in Sources */,
			);
			runOnlyForDeploymentPostprocessing = 0;
		};
		A73DEB4422D6181300996DC2 /* Sources */ = {
			isa = PBXSourcesBuildPhase;
			buildActionMask = 2147483647;
			files = (
				A73DEB4D22D6181300996DC2 /* ARAppTests.swift in Sources */,
			);
			runOnlyForDeploymentPostprocessing = 0;
		};
		A73DEB4F22D6181300996DC2 /* Sources */ = {
			isa = PBXSourcesBuildPhase;
			buildActionMask = 2147483647;
			files = (
				A73DEB5822D6181300996DC2 /* ARAppUITests.swift in Sources */,
			);
			runOnlyForDeploymentPostprocessing = 0;
		};
/* End PBXSourcesBuildPhase section */

/* Begin PBXTargetDependency section */
		A73DEB4A22D6181300996DC2 /* PBXTargetDependency */ = {
			isa = PBXTargetDependency;
			target = A73DEB3022D6181200996DC2 /* ARApp */;
			targetProxy = A73DEB4922D6181300996DC2 /* PBXContainerItemProxy */;
		};
		A73DEB5522D6181300996DC2 /* PBXTargetDependency */ = {
			isa = PBXTargetDependency;
			target = A73DEB3022D6181200996DC2 /* ARApp */;
			targetProxy = A73DEB5422D6181300996DC2 /* PBXContainerItemProxy */;
		};
/* End PBXTargetDependency section */

/* Begin PBXVariantGroup section */
		A73DEB3822D6181200996DC2 /* Main.storyboard */ = {
			isa = PBXVariantGroup;
			children = (
				A73DEB3922D6181200996DC2 /* Base */,
			);
			name = Main.storyboard;
			sourceTree = "<group>";
		};
		A73DEB4022D6181300996DC2 /* LaunchScreen.storyboard */ = {
			isa = PBXVariantGroup;
			children = (
				A73DEB4122D6181300996DC2 /* Base */,
			);
			name = LaunchScreen.storyboard;
			sourceTree = "<group>";
		};
/* End PBXVariantGroup section */

/* Begin XCBuildConfiguration section */
		A73DEB5A22D6181300996DC2 /* Debug */ = {
			isa = XCBuildConfiguration;
			buildSettings = {
				ALWAYS_SEARCH_USER_PATHS = NO;
				CLANG_ANALYZER_NONNULL = YES;
				CLANG_ANALYZER_NUMBER_OBJECT_CONVERSION = YES_AGGRESSIVE;
				CLANG_CXX_LANGUAGE_STANDARD = "gnu++14";
				CLANG_CXX_LIBRARY = "libc++";
				CLANG_ENABLE_MODULES = YES;
				CLANG_ENABLE_OBJC_ARC = YES;
				CLANG_ENABLE_OBJC_WEAK = YES;
				CLANG_WARN_BLOCK_CAPTURE_AUTORELEASING = YES;
				CLANG_WARN_BOOL_CONVERSION = YES;
				CLANG_WARN_COMMA = YES;
				CLANG_WARN_CONSTANT_CONVERSION = YES;
				CLANG_WARN_DEPRECATED_OBJC_IMPLEMENTATIONS = YES;
				CLANG_WARN_DIRECT_OBJC_ISA_USAGE = YES_ERROR;
				CLANG_WARN_DOCUMENTATION_COMMENTS = YES;
				CLANG_WARN_EMPTY_BODY = YES;
				CLANG_WARN_ENUM_CONVERSION = YES;
				CLANG_WARN_INFINITE_RECURSION = YES;
				CLANG_WARN_INT_CONVERSION = YES;
				CLANG_WARN_NON_LITERAL_NULL_CONVERSION = YES;
				CLANG_WARN_OBJC_IMPLICIT_RETAIN_SELF = YES;
				CLANG_WARN_OBJC_LITERAL_CONVERSION = YES;
				CLANG_WARN_OBJC_ROOT_CLASS = YES_ERROR;
				CLANG_WARN_RANGE_LOOP_ANALYSIS = YES;
				CLANG_WARN_STRICT_PROTOTYPES = YES;
				CLANG_WARN_SUSPICIOUS_MOVE = YES;
				CLANG_WARN_UNGUARDED_AVAILABILITY = YES_AGGRESSIVE;
				CLANG_WARN_UNREACHABLE_CODE = YES;
				CLANG_WARN__DUPLICATE_METHOD_MATCH = YES;
				CODE_SIGN_IDENTITY = "iPhone Developer";
				COPY_PHASE_STRIP = NO;
				DEBUG_INFORMATION_FORMAT = dwarf;
				ENABLE_STRICT_OBJC_MSGSEND = YES;
				ENABLE_TESTABILITY = YES;
				GCC_C_LANGUAGE_STANDARD = gnu11;
				GCC_DYNAMIC_NO_PIC = NO;
				GCC_NO_COMMON_BLOCKS = YES;
				GCC_OPTIMIZATION_LEVEL = 0;
				GCC_PREPROCESSOR_DEFINITIONS = (
					"DEBUG=1",
					"$(inherited)",
				);
				GCC_WARN_64_TO_32_BIT_CONVERSION = YES;
				GCC_WARN_ABOUT_RETURN_TYPE = YES_ERROR;
				GCC_WARN_UNDECLARED_SELECTOR = YES;
				GCC_WARN_UNINITIALIZED_AUTOS = YES_AGGRESSIVE;
				GCC_WARN_UNUSED_FUNCTION = YES;
				GCC_WARN_UNUSED_VARIABLE = YES;
				IPHONEOS_DEPLOYMENT_TARGET = 12.2;
				MTL_ENABLE_DEBUG_INFO = INCLUDE_SOURCE;
				MTL_FAST_MATH = YES;
				ONLY_ACTIVE_ARCH = YES;
				SDKROOT = iphoneos;
				SWIFT_ACTIVE_COMPILATION_CONDITIONS = DEBUG;
				SWIFT_OPTIMIZATION_LEVEL = "-Onone";
			};
			name = Debug;
		};
		A73DEB5B22D6181300996DC2 /* Release */ = {
			isa = XCBuildConfiguration;
			buildSettings = {
				ALWAYS_SEARCH_USER_PATHS = NO;
				CLANG_ANALYZER_NONNULL = YES;
				CLANG_ANALYZER_NUMBER_OBJECT_CONVERSION = YES_AGGRESSIVE;
				CLANG_CXX_LANGUAGE_STANDARD = "gnu++14";
				CLANG_CXX_LIBRARY = "libc++";
				CLANG_ENABLE_MODULES = YES;
				CLANG_ENABLE_OBJC_ARC = YES;
				CLANG_ENABLE_OBJC_WEAK = YES;
				CLANG_WARN_BLOCK_CAPTURE_AUTORELEASING = YES;
				CLANG_WARN_BOOL_CONVERSION = YES;
				CLANG_WARN_COMMA = YES;
				CLANG_WARN_CONSTANT_CONVERSION = YES;
				CLANG_WARN_DEPRECATED_OBJC_IMPLEMENTATIONS = YES;
				CLANG_WARN_DIRECT_OBJC_ISA_USAGE = YES_ERROR;
				CLANG_WARN_DOCUMENTATION_COMMENTS = YES;
				CLANG_WARN_EMPTY_BODY = YES;
				CLANG_WARN_ENUM_CONVERSION = YES;
				CLANG_WARN_INFINITE_RECURSION = YES;
				CLANG_WARN_INT_CONVERSION = YES;
				CLANG_WARN_NON_LITERAL_NULL_CONVERSION = YES;
				CLANG_WARN_OBJC_IMPLICIT_RETAIN_SELF = YES;
				CLANG_WARN_OBJC_LITERAL_CONVERSION = YES;
				CLANG_WARN_OBJC_ROOT_CLASS = YES_ERROR;
				CLANG_WARN_RANGE_LOOP_ANALYSIS = YES;
				CLANG_WARN_STRICT_PROTOTYPES = YES;
				CLANG_WARN_SUSPICIOUS_MOVE = YES;
				CLANG_WARN_UNGUARDED_AVAILABILITY = YES_AGGRESSIVE;
				CLANG_WARN_UNREACHABLE_CODE = YES;
				CLANG_WARN__DUPLICATE_METHOD_MATCH = YES;
				CODE_SIGN_IDENTITY = "iPhone Developer";
				COPY_PHASE_STRIP = NO;
				DEBUG_INFORMATION_FORMAT = "dwarf-with-dsym";
				ENABLE_NS_ASSERTIONS = NO;
				ENABLE_STRICT_OBJC_MSGSEND = YES;
				GCC_C_LANGUAGE_STANDARD = gnu11;
				GCC_NO_COMMON_BLOCKS = YES;
				GCC_WARN_64_TO_32_BIT_CONVERSION = YES;
				GCC_WARN_ABOUT_RETURN_TYPE = YES_ERROR;
				GCC_WARN_UNDECLARED_SELECTOR = YES;
				GCC_WARN_UNINITIALIZED_AUTOS = YES_AGGRESSIVE;
				GCC_WARN_UNUSED_FUNCTION = YES;
				GCC_WARN_UNUSED_VARIABLE = YES;
				IPHONEOS_DEPLOYMENT_TARGET = 12.2;
				MTL_ENABLE_DEBUG_INFO = NO;
				MTL_FAST_MATH = YES;
				SDKROOT = iphoneos;
				SWIFT_COMPILATION_MODE = wholemodule;
				SWIFT_OPTIMIZATION_LEVEL = "-O";
				VALIDATE_PRODUCT = YES;
			};
			name = Release;
		};
		A73DEB5D22D6181300996DC2 /* Debug */ = {
			isa = XCBuildConfiguration;
			buildSettings = {
				ASSETCATALOG_COMPILER_APPICON_NAME = AppIcon;
				CODE_SIGN_STYLE = Automatic;
				DEVELOPMENT_TEAM = K8WJKQA676;
				INFOPLIST_FILE = ARApp/Info.plist;
				LD_RUNPATH_SEARCH_PATHS = (
					"$(inherited)",
					"@executable_path/Frameworks",
				);
				PRODUCT_BUNDLE_IDENTIFIER = it.unisa.applefoundationprogram.ARApp;
				PRODUCT_NAME = "$(TARGET_NAME)";
				SWIFT_VERSION = 5.0;
				TARGETED_DEVICE_FAMILY = "1,2";
			};
			name = Debug;
		};
		A73DEB5E22D6181300996DC2 /* Release */ = {
			isa = XCBuildConfiguration;
			buildSettings = {
				ASSETCATALOG_COMPILER_APPICON_NAME = AppIcon;
				CODE_SIGN_STYLE = Automatic;
				DEVELOPMENT_TEAM = K8WJKQA676;
				INFOPLIST_FILE = ARApp/Info.plist;
				LD_RUNPATH_SEARCH_PATHS = (
					"$(inherited)",
					"@executable_path/Frameworks",
				);
				PRODUCT_BUNDLE_IDENTIFIER = it.unisa.applefoundationprogram.ARApp;
				PRODUCT_NAME = "$(TARGET_NAME)";
				SWIFT_VERSION = 5.0;
				TARGETED_DEVICE_FAMILY = "1,2";
			};
			name = Release;
		};
		A73DEB6022D6181300996DC2 /* Debug */ = {
			isa = XCBuildConfiguration;
			buildSettings = {
				ALWAYS_EMBED_SWIFT_STANDARD_LIBRARIES = YES;
				BUNDLE_LOADER = "$(TEST_HOST)";
				CODE_SIGN_STYLE = Automatic;
				DEVELOPMENT_TEAM = K8WJKQA676;
				INFOPLIST_FILE = ARAppTests/Info.plist;
				LD_RUNPATH_SEARCH_PATHS = (
					"$(inherited)",
					"@executable_path/Frameworks",
					"@loader_path/Frameworks",
				);
				PRODUCT_BUNDLE_IDENTIFIER = it.unisa.applefoundationprogram.ARAppTests;
				PRODUCT_NAME = "$(TARGET_NAME)";
				SWIFT_VERSION = 5.0;
				TARGETED_DEVICE_FAMILY = "1,2";
				TEST_HOST = "$(BUILT_PRODUCTS_DIR)/ARApp.app/ARApp";
			};
			name = Debug;
		};
		A73DEB6122D6181300996DC2 /* Release */ = {
			isa = XCBuildConfiguration;
			buildSettings = {
				ALWAYS_EMBED_SWIFT_STANDARD_LIBRARIES = YES;
				BUNDLE_LOADER = "$(TEST_HOST)";
				CODE_SIGN_STYLE = Automatic;
				DEVELOPMENT_TEAM = K8WJKQA676;
				INFOPLIST_FILE = ARAppTests/Info.plist;
				LD_RUNPATH_SEARCH_PATHS = (
					"$(inherited)",
					"@executable_path/Frameworks",
					"@loader_path/Frameworks",
				);
				PRODUCT_BUNDLE_IDENTIFIER = it.unisa.applefoundationprogram.ARAppTests;
				PRODUCT_NAME = "$(TARGET_NAME)";
				SWIFT_VERSION = 5.0;
				TARGETED_DEVICE_FAMILY = "1,2";
				TEST_HOST = "$(BUILT_PRODUCTS_DIR)/ARApp.app/ARApp";
			};
			name = Release;
		};
		A73DEB6322D6181300996DC2 /* Debug */ = {
			isa = XCBuildConfiguration;
			buildSettings = {
				ALWAYS_EMBED_SWIFT_STANDARD_LIBRARIES = YES;
				CODE_SIGN_STYLE = Automatic;
				DEVELOPMENT_TEAM = K8WJKQA676;
				INFOPLIST_FILE = ARAppUITests/Info.plist;
				LD_RUNPATH_SEARCH_PATHS = (
					"$(inherited)",
					"@executable_path/Frameworks",
					"@loader_path/Frameworks",
				);
				PRODUCT_BUNDLE_IDENTIFIER = it.unisa.applefoundationprogram.ARAppUITests;
				PRODUCT_NAME = "$(TARGET_NAME)";
				SWIFT_VERSION = 5.0;
				TARGETED_DEVICE_FAMILY = "1,2";
				TEST_TARGET_NAME = ARApp;
			};
			name = Debug;
		};
		A73DEB6422D6181300996DC2 /* Release */ = {
			isa = XCBuildConfiguration;
			buildSettings = {
				ALWAYS_EMBED_SWIFT_STANDARD_LIBRARIES = YES;
				CODE_SIGN_STYLE = Automatic;
				DEVELOPMENT_TEAM = K8WJKQA676;
				INFOPLIST_FILE = ARAppUITests/Info.plist;
				LD_RUNPATH_SEARCH_PATHS = (
					"$(inherited)",
					"@executable_path/Frameworks",
					"@loader_path/Frameworks",
				);
				PRODUCT_BUNDLE_IDENTIFIER = it.unisa.applefoundationprogram.ARAppUITests;
				PRODUCT_NAME = "$(TARGET_NAME)";
				SWIFT_VERSION = 5.0;
				TARGETED_DEVICE_FAMILY = "1,2";
				TEST_TARGET_NAME = ARApp;
			};
			name = Release;
		};
/* End XCBuildConfiguration section */

/* Begin XCConfigurationList section */
		A73DEB2C22D6181200996DC2 /* Build configuration list for PBXProject "ARApp" */ = {
			isa = XCConfigurationList;
			buildConfigurations = (
				A73DEB5A22D6181300996DC2 /* Debug */,
				A73DEB5B22D6181300996DC2 /* Release */,
			);
			defaultConfigurationIsVisible = 0;
			defaultConfigurationName = Release;
		};
		A73DEB5C22D6181300996DC2 /* Build configuration list for PBXNativeTarget "ARApp" */ = {
			isa = XCConfigurationList;
			buildConfigurations = (
				A73DEB5D22D6181300996DC2 /* Debug */,
				A73DEB5E22D6181300996DC2 /* Release */,
			);
			defaultConfigurationIsVisible = 0;
			defaultConfigurationName = Release;
		};
		A73DEB5F22D6181300996DC2 /* Build configuration list for PBXNativeTarget "ARAppTests" */ = {
			isa = XCConfigurationList;
			buildConfigurations = (
				A73DEB6022D6181300996DC2 /* Debug */,
				A73DEB6122D6181300996DC2 /* Release */,
			);
			defaultConfigurationIsVisible = 0;
			defaultConfigurationName = Release;
		};
		A73DEB6222D6181300996DC2 /* Build configuration list for PBXNativeTarget "ARAppUITests" */ = {
			isa = XCConfigurationList;
			buildConfigurations = (
				A73DEB6322D6181300996DC2 /* Debug */,
				A73DEB6422D6181300996DC2 /* Release */,
			);
			defaultConfigurationIsVisible = 0;
			defaultConfigurationName = Release;
		};
/* End XCConfigurationList section */

/* Begin XCVersionGroup section */
		A73DEB3B22D6181200996DC2 /* ARApp.xcdatamodeld */ = {
			isa = XCVersionGroup;
			children = (
				A73DEB3C22D6181200996DC2 /* ARApp.xcdatamodel */,
			);
			currentVersion = A73DEB3C22D6181200996DC2 /* ARApp.xcdatamodel */;
			path = ARApp.xcdatamodeld;
			sourceTree = "<group>";
			versionGroupType = wrapper.xcdatamodel;
		};
/* End XCVersionGroup section */
	};
	rootObject = A73DEB2922D6181200996DC2 /* Project object */;
}
